
Microsoft Visual Studio Solution File, Format Version 12.00
# Visual Studio Version 17
VisualStudioVersion = 17.5.002.0
MinimumVisualStudioVersion = 10.0.40219.1
Project("{9A19103F-16F7-4668-BE54-9A1E7A4F7556}") = "clase09-pe-JosueMoraga", "clase09-pe-JosueMoraga.csproj", "{59CB0416-7840-4786-B523-D4A34618309E}"
EndProject
Global
	GlobalSection(SolutionConfigurationPlatforms) = preSolution
		Debug|Any CPU = Debug|Any CPU
		Release|Any CPU = Release|Any CPU
	EndGlobalSection
	GlobalSection(ProjectConfigurationPlatforms) = postSolution
		{59CB0416-7840-4786-B523-D4A34618309E}.Debug|Any CPU.ActiveCfg = Debug|Any CPU
		{59CB0416-7840-4786-B523-D4A34618309E}.Debug|Any CPU.Build.0 = Debug|Any CPU
		{59CB0416-7840-4786-B523-D4A34618309E}.Release|Any CPU.ActiveCfg = Release|Any CPU
		{59CB0416-7840-4786-B523-D4A34618309E}.Release|Any CPU.Build.0 = Release|Any CPU
	EndGlobalSection
	GlobalSection(SolutionProperties) = preSolution
		HideSolutionNode = FALSE
	EndGlobalSection
	GlobalSection(ExtensibilityGlobals) = postSolution
		SolutionGuid = {1448B8B4-2496-4F67-BF06-A7F9CCBA235C}
	EndGlobalSection
EndGlobal
